
Microsoft Visual Studio Solution File, Format Version 12.00
# Visual Studio 15
VisualStudioVersion = 15.0.28307.421
MinimumVisualStudioVersion = 10.0.40219.1
Project("{F184B08F-C81C-45F6-A57F-5ABD9991F28F}") = "ClassMate", "ClassMate\ClassMate.vbproj", "{168EED79-85D1-4CB3-9DEA-1AC5669A2BCC}"
EndProject
Global
	GlobalSection(SolutionConfigurationPlatforms) = preSolution
		Debug|Any CPU = Debug|Any CPU
		Release|Any CPU = Release|Any CPU
	EndGlobalSection
	GlobalSection(ProjectConfigurationPlatforms) = postSolution
		{168EED79-85D1-4CB3-9DEA-1AC5669A2BCC}.Debug|Any CPU.ActiveCfg = Debug|Any CPU
		{168EED79-85D1-4CB3-9DEA-1AC5669A2BCC}.Debug|Any CPU.Build.0 = Debug|Any CPU
		{168EED79-85D1-4CB3-9DEA-1AC5669A2BCC}.Release|Any CPU.ActiveCfg = Release|Any CPU
		{168EED79-85D1-4CB3-9DEA-1AC5669A2BCC}.Release|Any CPU.Build.0 = Release|Any CPU
	EndGlobalSection
	GlobalSection(SolutionProperties) = preSolution
		HideSolutionNode = FALSE
	EndGlobalSection
	GlobalSection(ExtensibilityGlobals) = postSolution
		SolutionGuid = {47104910-BB17-4CAD-978D-35B47FAE5742}
	EndGlobalSection
EndGlobal
